
Microsoft Visual Studio Solution File, Format Version 12.00
# Visual Studio 15
VisualStudioVersion = 15.0.27703.2035
MinimumVisualStudioVersion = 10.0.40219.1
Project("{2150E333-8FDC-42A3-9474-1A3956D46DE8}") = "tests", "tests", "{584201D1-B259-4B40-AF95-6B511AAFC6D3}"
EndProject
Project("{2150E333-8FDC-42A3-9474-1A3956D46DE8}") = "libs", "libs", "{28CB60B9-68CB-482A-A543-1C05D06F1A88}"
EndProject
Project("{9A19103F-16F7-4668-BE54-9A1E7A4F7556}") = "common", "src\lib\common\common.csproj", "{7432D561-6AC6-4ADA-A0DA-8EED71332515}"
EndProject
Project("{9A19103F-16F7-4668-BE54-9A1E7A4F7556}") = "maze", "src\lib\maze\maze.csproj", "{2CDB7CAA-0C6C-4502-916D-54C673D7B135}"
EndProject
Project("{9A19103F-16F7-4668-BE54-9A1E7A4F7556}") = "world", "src\lib\world\world.csproj", "{7802B816-8836-4A6A-9CBF-BCE64CAF1550}"
EndProject
Project("{9A19103F-16F7-4668-BE54-9A1E7A4F7556}") = "noise", "src\lib\noise\noise.csproj", "{6712BAA9-1B28-4610-9A4F-0E7B55897879}"
EndProject
Project("{9A19103F-16F7-4668-BE54-9A1E7A4F7556}") = "world-tests", "src\tests\world-tests\world-tests.csproj", "{D992EB16-37CC-493F-817F-8D49BE8BBC49}"
EndProject
Project("{9A19103F-16F7-4668-BE54-9A1E7A4F7556}") = "maze-tests", "src\tests\maze-tests\maze-tests.csproj", "{47FC523E-99C1-4AB2-8A82-940774C4A42D}"
EndProject
Project("{9A19103F-16F7-4668-BE54-9A1E7A4F7556}") = "common-tests", "src\tests\common-tests\common-tests.csproj", "{F0AA8539-1257-40D1-AA11-ED7C4CAEF2BD}"
EndProject
Project("{FAE04EC0-301F-11D3-BF4B-00C04F79EFBC}") = "noise-tests", "src\tests\noise-tests\noise-tests.csproj", "{06EF8FE4-6850-4AED-BA12-1940DEDE55E1}"
EndProject
Global
	GlobalSection(SolutionConfigurationPlatforms) = preSolution
		Debug|Any CPU = Debug|Any CPU
		Release|Any CPU = Release|Any CPU
	EndGlobalSection
	GlobalSection(ProjectConfigurationPlatforms) = postSolution
		{7432D561-6AC6-4ADA-A0DA-8EED71332515}.Debug|Any CPU.ActiveCfg = Debug|Any CPU
		{7432D561-6AC6-4ADA-A0DA-8EED71332515}.Debug|Any CPU.Build.0 = Debug|Any CPU
		{7432D561-6AC6-4ADA-A0DA-8EED71332515}.Release|Any CPU.ActiveCfg = Release|Any CPU
		{7432D561-6AC6-4ADA-A0DA-8EED71332515}.Release|Any CPU.Build.0 = Release|Any CPU
		{2CDB7CAA-0C6C-4502-916D-54C673D7B135}.Debug|Any CPU.ActiveCfg = Debug|Any CPU
		{2CDB7CAA-0C6C-4502-916D-54C673D7B135}.Debug|Any CPU.Build.0 = Debug|Any CPU
		{2CDB7CAA-0C6C-4502-916D-54C673D7B135}.Release|Any CPU.ActiveCfg = Release|Any CPU
		{2CDB7CAA-0C6C-4502-916D-54C673D7B135}.Release|Any CPU.Build.0 = Release|Any CPU
		{7802B816-8836-4A6A-9CBF-BCE64CAF1550}.Debug|Any CPU.ActiveCfg = Debug|Any CPU
		{7802B816-8836-4A6A-9CBF-BCE64CAF1550}.Debug|Any CPU.Build.0 = Debug|Any CPU
		{7802B816-8836-4A6A-9CBF-BCE64CAF1550}.Release|Any CPU.ActiveCfg = Release|Any CPU
		{7802B816-8836-4A6A-9CBF-BCE64CAF1550}.Release|Any CPU.Build.0 = Release|Any CPU
		{6712BAA9-1B28-4610-9A4F-0E7B55897879}.Debug|Any CPU.ActiveCfg = Debug|Any CPU
		{6712BAA9-1B28-4610-9A4F-0E7B55897879}.Debug|Any CPU.Build.0 = Debug|Any CPU
		{6712BAA9-1B28-4610-9A4F-0E7B55897879}.Release|Any CPU.ActiveCfg = Release|Any CPU
		{6712BAA9-1B28-4610-9A4F-0E7B55897879}.Release|Any CPU.Build.0 = Release|Any CPU
		{D992EB16-37CC-493F-817F-8D49BE8BBC49}.Debug|Any CPU.ActiveCfg = Debug|Any CPU
		{D992EB16-37CC-493F-817F-8D49BE8BBC49}.Debug|Any CPU.Build.0 = Debug|Any CPU
		{D992EB16-37CC-493F-817F-8D49BE8BBC49}.Release|Any CPU.ActiveCfg = Release|Any CPU
		{D992EB16-37CC-493F-817F-8D49BE8BBC49}.Release|Any CPU.Build.0 = Release|Any CPU
		{47FC523E-99C1-4AB2-8A82-940774C4A42D}.Debug|Any CPU.ActiveCfg = Debug|Any CPU
		{47FC523E-99C1-4AB2-8A82-940774C4A42D}.Debug|Any CPU.Build.0 = Debug|Any CPU
		{47FC523E-99C1-4AB2-8A82-940774C4A42D}.Release|Any CPU.ActiveCfg = Release|Any CPU
		{47FC523E-99C1-4AB2-8A82-940774C4A42D}.Release|Any CPU.Build.0 = Release|Any CPU
		{F0AA8539-1257-40D1-AA11-ED7C4CAEF2BD}.Debug|Any CPU.ActiveCfg = Debug|Any CPU
		{F0AA8539-1257-40D1-AA11-ED7C4CAEF2BD}.Debug|Any CPU.Build.0 = Debug|Any CPU
		{F0AA8539-1257-40D1-AA11-ED7C4CAEF2BD}.Release|Any CPU.ActiveCfg = Release|Any CPU
		{F0AA8539-1257-40D1-AA11-ED7C4CAEF2BD}.Release|Any CPU.Build.0 = Release|Any CPU
		{06EF8FE4-6850-4AED-BA12-1940DEDE55E1}.Debug|Any CPU.ActiveCfg = Debug|Any CPU
		{06EF8FE4-6850-4AED-BA12-1940DEDE55E1}.Debug|Any CPU.Build.0 = Debug|Any CPU
		{06EF8FE4-6850-4AED-BA12-1940DEDE55E1}.Release|Any CPU.ActiveCfg = Release|Any CPU
		{06EF8FE4-6850-4AED-BA12-1940DEDE55E1}.Release|Any CPU.Build.0 = Release|Any CPU
	EndGlobalSection
	GlobalSection(SolutionProperties) = preSolution
		HideSolutionNode = FALSE
	EndGlobalSection
	GlobalSection(NestedProjects) = preSolution
		{7432D561-6AC6-4ADA-A0DA-8EED71332515} = {28CB60B9-68CB-482A-A543-1C05D06F1A88}
		{2CDB7CAA-0C6C-4502-916D-54C673D7B135} = {28CB60B9-68CB-482A-A543-1C05D06F1A88}
		{7802B816-8836-4A6A-9CBF-BCE64CAF1550} = {28CB60B9-68CB-482A-A543-1C05D06F1A88}
		{6712BAA9-1B28-4610-9A4F-0E7B55897879} = {28CB60B9-68CB-482A-A543-1C05D06F1A88}
		{D992EB16-37CC-493F-817F-8D49BE8BBC49} = {584201D1-B259-4B40-AF95-6B511AAFC6D3}
		{47FC523E-99C1-4AB2-8A82-940774C4A42D} = {584201D1-B259-4B40-AF95-6B511AAFC6D3}
		{F0AA8539-1257-40D1-AA11-ED7C4CAEF2BD} = {584201D1-B259-4B40-AF95-6B511AAFC6D3}
		{06EF8FE4-6850-4AED-BA12-1940DEDE55E1} = {584201D1-B259-4B40-AF95-6B511AAFC6D3}
	EndGlobalSection
	GlobalSection(ExtensibilityGlobals) = postSolution
		SolutionGuid = {E7641582-0C78-4021-99C7-B56161BC601D}
	EndGlobalSection
EndGlobal
